
Microsoft Visual Studio Solution File, Format Version 12.00
# Visual Studio Version 17
VisualStudioVersion = 17.3.32929.385
MinimumVisualStudioVersion = 10.0.40219.1
Project("{8BC9CEB8-8B4A-11D0-8D11-00A0C91BC942}") = "thegame", "thegame.vcxproj", "{F878DE14-6143-4EFC-B4FD-89E37478BC56}"
EndProject
Global
	GlobalSection(SolutionConfigurationPlatforms) = preSolution
		Debug|x64 = Debug|x64
		Debug|x86 = Debug|x86
		Release|x64 = Release|x64
		Release|x86 = Release|x86
	EndGlobalSection
	GlobalSection(ProjectConfigurationPlatforms) = postSolution
		{F878DE14-6143-4EFC-B4FD-89E37478BC56}.Debug|x64.ActiveCfg = Debug|x64
		{F878DE14-6143-4EFC-B4FD-89E37478BC56}.Debug|x64.Build.0 = Debug|x64
		{F878DE14-6143-4EFC-B4FD-89E37478BC56}.Debug|x86.ActiveCfg = Debug|Win32
		{F878DE14-6143-4EFC-B4FD-89E37478BC56}.Debug|x86.Build.0 = Debug|Win32
		{F878DE14-6143-4EFC-B4FD-89E37478BC56}.Release|x64.ActiveCfg = Release|x64
		{F878DE14-6143-4EFC-B4FD-89E37478BC56}.Release|x64.Build.0 = Release|x64
		{F878DE14-6143-4EFC-B4FD-89E37478BC56}.Release|x86.ActiveCfg = Release|Win32
		{F878DE14-6143-4EFC-B4FD-89E37478BC56}.Release|x86.Build.0 = Release|Win32
	EndGlobalSection
	GlobalSection(SolutionProperties) = preSolution
		HideSolutionNode = FALSE
	EndGlobalSection
	GlobalSection(ExtensibilityGlobals) = postSolution
		SolutionGuid = {F9A82F92-9869-45F8-87CB-39F4E5F39967}
	EndGlobalSection
EndGlobal
